
Microsoft Visual Studio Solution File, Format Version 12.00
# Visual Studio Version 17
VisualStudioVersion = 17.13.35806.99
MinimumVisualStudioVersion = 10.0.40219.1
Project("{FAE04EC0-301F-11D3-BF4B-00C04F79EFBC}") = "WinForms Learning Course", "WinForms Learning Course\WinForms Learning Course.csproj", "{CFC29AB7-1B0C-441A-9A9F-C81988493932}"
EndProject
Project("{FAE04EC0-301F-11D3-BF4B-00C04F79EFBC}") = "WinForms - Introduction", "WinForms - Introduction\WinForms - Introduction.csproj", "{8099E41F-7B73-4154-A276-C48118740445}"
EndProject
Project("{FAE04EC0-301F-11D3-BF4B-00C04F79EFBC}") = "WinForms - Program #1 QR Code Generator", "WinForms - Program #1 QR Code Generator\WinForms - Program #1 QR Code Generator.csproj", "{8C564863-79B6-493A-BE19-3CBF8AD1CDC8}"
EndProject
Global
	GlobalSection(SolutionConfigurationPlatforms) = preSolution
		Debug|Any CPU = Debug|Any CPU
		Release|Any CPU = Release|Any CPU
	EndGlobalSection
	GlobalSection(ProjectConfigurationPlatforms) = postSolution
		{CFC29AB7-1B0C-441A-9A9F-C81988493932}.Debug|Any CPU.ActiveCfg = Debug|Any CPU
		{CFC29AB7-1B0C-441A-9A9F-C81988493932}.Debug|Any CPU.Build.0 = Debug|Any CPU
		{CFC29AB7-1B0C-441A-9A9F-C81988493932}.Release|Any CPU.ActiveCfg = Release|Any CPU
		{CFC29AB7-1B0C-441A-9A9F-C81988493932}.Release|Any CPU.Build.0 = Release|Any CPU
		{8099E41F-7B73-4154-A276-C48118740445}.Debug|Any CPU.ActiveCfg = Debug|Any CPU
		{8099E41F-7B73-4154-A276-C48118740445}.Debug|Any CPU.Build.0 = Debug|Any CPU
		{8099E41F-7B73-4154-A276-C48118740445}.Release|Any CPU.ActiveCfg = Release|Any CPU
		{8099E41F-7B73-4154-A276-C48118740445}.Release|Any CPU.Build.0 = Release|Any CPU
		{8C564863-79B6-493A-BE19-3CBF8AD1CDC8}.Debug|Any CPU.ActiveCfg = Debug|Any CPU
		{8C564863-79B6-493A-BE19-3CBF8AD1CDC8}.Debug|Any CPU.Build.0 = Debug|Any CPU
		{8C564863-79B6-493A-BE19-3CBF8AD1CDC8}.Release|Any CPU.ActiveCfg = Release|Any CPU
		{8C564863-79B6-493A-BE19-3CBF8AD1CDC8}.Release|Any CPU.Build.0 = Release|Any CPU
	EndGlobalSection
	GlobalSection(SolutionProperties) = preSolution
		HideSolutionNode = FALSE
	EndGlobalSection
	GlobalSection(ExtensibilityGlobals) = postSolution
		SolutionGuid = {F976EBAF-DC1C-4D75-9EF4-9BAD8F62763C}
	EndGlobalSection
EndGlobal
