
Microsoft Visual Studio Solution File, Format Version 12.00
# Visual Studio Version 17
VisualStudioVersion = 17.13.35806.99
MinimumVisualStudioVersion = 10.0.40219.1
Project("{FAE04EC0-301F-11D3-BF4B-00C04F79EFBC}") = "WinForms Learning Course", "WinForms Learning Course\WinForms Learning Course.csproj", "{CFC29AB7-1B0C-441A-9A9F-C81988493932}"
EndProject
Project("{FAE04EC0-301F-11D3-BF4B-00C04F79EFBC}") = "WinForms - Introduction", "WinForms - Introduction\WinForms - Introduction.csproj", "{8099E41F-7B73-4154-A276-C48118740445}"
EndProject
Project("{FAE04EC0-301F-11D3-BF4B-00C04F79EFBC}") = "WinForms - Program #1 QR Code Generator", "WinForms - Program #1 QR Code Generator\WinForms - Program #1 QR Code Generator.csproj", "{8C564863-79B6-493A-BE19-3CBF8AD1CDC8}"
EndProject
Project("{FAE04EC0-301F-11D3-BF4B-00C04F79EFBC}") = "WinForms - Program #2 Calculator", "WinForms - Program #2 Calculator\WinForms - Program #2 Calculator.csproj", "{6C4FDC03-F421-4AAC-B031-2AAD4EDF38DF}"
EndProject
Project("{FAE04EC0-301F-11D3-BF4B-00C04F79EFBC}") = "WinForms - Toolbox", "WinForms - Toolbox\WinForms - Toolbox.csproj", "{9DC86DAB-B02B-48B9-9EE5-C654C8E4B9CE}"
EndProject
Project("{FAE04EC0-301F-11D3-BF4B-00C04F79EFBC}") = "WinForms - Events", "WinForms - Events\WinForms - Events.csproj", "{2A3A6744-B322-4B26-B329-DBE1A435939E}"
EndProject
Project("{FAE04EC0-301F-11D3-BF4B-00C04F79EFBC}") = "WinForms - Sandbox #1", "WinForms - Sandbox #1\WinForms - Sandbox #1.csproj", "{D9812534-DEC9-4748-AB57-FD7CF418E6FA}"
EndProject
Project("{FAE04EC0-301F-11D3-BF4B-00C04F79EFBC}") = "WinForms - Program #3 Paint", "WinForms - Program #3 Paint\WinForms - Program #3 Paint.csproj", "{2F29E3AB-C8F6-4B4B-B372-6EA3845D7CFF}"
EndProject
Project("{FAE04EC0-301F-11D3-BF4B-00C04F79EFBC}") = "WinForms - User Gui", "WinForms - User Gui\WinForms - User Gui.csproj", "{7D12D691-628C-48DE-8993-049F4A87318E}"
EndProject
Project("{FAE04EC0-301F-11D3-BF4B-00C04F79EFBC}") = "WinForms - Program #4 Notepad", "WinForms - Program #4 Notepad\WinForms - Program #4 Notepad.csproj", "{89826116-03F7-4160-A232-5953F3402B4C}"
EndProject
Global
	GlobalSection(SolutionConfigurationPlatforms) = preSolution
		Debug|Any CPU = Debug|Any CPU
		Release|Any CPU = Release|Any CPU
	EndGlobalSection
	GlobalSection(ProjectConfigurationPlatforms) = postSolution
		{CFC29AB7-1B0C-441A-9A9F-C81988493932}.Debug|Any CPU.ActiveCfg = Debug|Any CPU
		{CFC29AB7-1B0C-441A-9A9F-C81988493932}.Debug|Any CPU.Build.0 = Debug|Any CPU
		{CFC29AB7-1B0C-441A-9A9F-C81988493932}.Release|Any CPU.ActiveCfg = Release|Any CPU
		{CFC29AB7-1B0C-441A-9A9F-C81988493932}.Release|Any CPU.Build.0 = Release|Any CPU
		{8099E41F-7B73-4154-A276-C48118740445}.Debug|Any CPU.ActiveCfg = Debug|Any CPU
		{8099E41F-7B73-4154-A276-C48118740445}.Debug|Any CPU.Build.0 = Debug|Any CPU
		{8099E41F-7B73-4154-A276-C48118740445}.Release|Any CPU.ActiveCfg = Release|Any CPU
		{8099E41F-7B73-4154-A276-C48118740445}.Release|Any CPU.Build.0 = Release|Any CPU
		{8C564863-79B6-493A-BE19-3CBF8AD1CDC8}.Debug|Any CPU.ActiveCfg = Debug|Any CPU
		{8C564863-79B6-493A-BE19-3CBF8AD1CDC8}.Debug|Any CPU.Build.0 = Debug|Any CPU
		{8C564863-79B6-493A-BE19-3CBF8AD1CDC8}.Release|Any CPU.ActiveCfg = Release|Any CPU
		{8C564863-79B6-493A-BE19-3CBF8AD1CDC8}.Release|Any CPU.Build.0 = Release|Any CPU
		{6C4FDC03-F421-4AAC-B031-2AAD4EDF38DF}.Debug|Any CPU.ActiveCfg = Debug|Any CPU
		{6C4FDC03-F421-4AAC-B031-2AAD4EDF38DF}.Debug|Any CPU.Build.0 = Debug|Any CPU
		{6C4FDC03-F421-4AAC-B031-2AAD4EDF38DF}.Release|Any CPU.ActiveCfg = Release|Any CPU
		{6C4FDC03-F421-4AAC-B031-2AAD4EDF38DF}.Release|Any CPU.Build.0 = Release|Any CPU
		{9DC86DAB-B02B-48B9-9EE5-C654C8E4B9CE}.Debug|Any CPU.ActiveCfg = Debug|Any CPU
		{9DC86DAB-B02B-48B9-9EE5-C654C8E4B9CE}.Debug|Any CPU.Build.0 = Debug|Any CPU
		{9DC86DAB-B02B-48B9-9EE5-C654C8E4B9CE}.Release|Any CPU.ActiveCfg = Release|Any CPU
		{9DC86DAB-B02B-48B9-9EE5-C654C8E4B9CE}.Release|Any CPU.Build.0 = Release|Any CPU
		{2A3A6744-B322-4B26-B329-DBE1A435939E}.Debug|Any CPU.ActiveCfg = Debug|Any CPU
		{2A3A6744-B322-4B26-B329-DBE1A435939E}.Debug|Any CPU.Build.0 = Debug|Any CPU
		{2A3A6744-B322-4B26-B329-DBE1A435939E}.Release|Any CPU.ActiveCfg = Release|Any CPU
		{2A3A6744-B322-4B26-B329-DBE1A435939E}.Release|Any CPU.Build.0 = Release|Any CPU
		{D9812534-DEC9-4748-AB57-FD7CF418E6FA}.Debug|Any CPU.ActiveCfg = Debug|Any CPU
		{D9812534-DEC9-4748-AB57-FD7CF418E6FA}.Debug|Any CPU.Build.0 = Debug|Any CPU
		{D9812534-DEC9-4748-AB57-FD7CF418E6FA}.Release|Any CPU.ActiveCfg = Release|Any CPU
		{D9812534-DEC9-4748-AB57-FD7CF418E6FA}.Release|Any CPU.Build.0 = Release|Any CPU
		{2F29E3AB-C8F6-4B4B-B372-6EA3845D7CFF}.Debug|Any CPU.ActiveCfg = Debug|Any CPU
		{2F29E3AB-C8F6-4B4B-B372-6EA3845D7CFF}.Debug|Any CPU.Build.0 = Debug|Any CPU
		{2F29E3AB-C8F6-4B4B-B372-6EA3845D7CFF}.Release|Any CPU.ActiveCfg = Release|Any CPU
		{2F29E3AB-C8F6-4B4B-B372-6EA3845D7CFF}.Release|Any CPU.Build.0 = Release|Any CPU
		{7D12D691-628C-48DE-8993-049F4A87318E}.Debug|Any CPU.ActiveCfg = Debug|Any CPU
		{7D12D691-628C-48DE-8993-049F4A87318E}.Debug|Any CPU.Build.0 = Debug|Any CPU
		{7D12D691-628C-48DE-8993-049F4A87318E}.Release|Any CPU.ActiveCfg = Release|Any CPU
		{7D12D691-628C-48DE-8993-049F4A87318E}.Release|Any CPU.Build.0 = Release|Any CPU
		{89826116-03F7-4160-A232-5953F3402B4C}.Debug|Any CPU.ActiveCfg = Debug|Any CPU
		{89826116-03F7-4160-A232-5953F3402B4C}.Debug|Any CPU.Build.0 = Debug|Any CPU
		{89826116-03F7-4160-A232-5953F3402B4C}.Release|Any CPU.ActiveCfg = Release|Any CPU
		{89826116-03F7-4160-A232-5953F3402B4C}.Release|Any CPU.Build.0 = Release|Any CPU
	EndGlobalSection
	GlobalSection(SolutionProperties) = preSolution
		HideSolutionNode = FALSE
	EndGlobalSection
	GlobalSection(ExtensibilityGlobals) = postSolution
		SolutionGuid = {F976EBAF-DC1C-4D75-9EF4-9BAD8F62763C}
	EndGlobalSection
EndGlobal
